
Microsoft Visual Studio Solution File, Format Version 12.00
# Visual Studio 15
VisualStudioVersion = 15.0.27130.2036
MinimumVisualStudioVersion = 10.0.40219.1
Project("{FAE04EC0-301F-11D3-BF4B-00C04F79EFBC}") = "AsyncSimulator", "AsyncSimulator\AsyncSimulator.csproj", "{440FA7C3-094A-4913-8CF5-14B440C0B86E}"
EndProject
Project("{FAE04EC0-301F-11D3-BF4B-00C04F79EFBC}") = "VisualInterface", "VisualInterface\VisualInterface.csproj", "{110892BB-9F9B-4BC1-8F30-1B0B51590DF4}"
EndProject
Project("{FAE04EC0-301F-11D3-BF4B-00C04F79EFBC}") = "ReadStatistics", "ReadStatistics\ReadStatistics.csproj", "{0F4E2E52-75B8-450E-91E1-F8B239A49804}"
EndProject
Project("{FAE04EC0-301F-11D3-BF4B-00C04F79EFBC}") = "PerformanceAnalyser", "PerformanceAnalyser\PerformanceAnalyser.csproj", "{F3157062-9ED1-40F4-BD57-00575CBDE3CE}"
EndProject
Project("{FAE04EC0-301F-11D3-BF4B-00C04F79EFBC}") = "SupportedAlgorithmAndGraphTypes", "SupportedAlgorithmAndGraphTypes\SupportedAlgorithmAndGraphTypes.csproj", "{B7836723-6676-4991-8BF0-59E15D3203F6}"
EndProject
Project("{FAE04EC0-301F-11D3-BF4B-00C04F79EFBC}") = "StatisticReader", "StatisticReader\StatisticReader.csproj", "{72ADC696-F526-4684-895C-7D649DDE9844}"
EndProject
Project("{2150E333-8FDC-42A3-9474-1A3956D46DE8}") = "Commons", "Commons", "{05C3BBED-512C-4608-AEF1-FBFDFEA41B97}"
EndProject
Project("{2150E333-8FDC-42A3-9474-1A3956D46DE8}") = "Presentations", "Presentations", "{12DE1DF1-B236-423A-8317-2EBFEADFA8A0}"
EndProject
Project("{2150E333-8FDC-42A3-9474-1A3956D46DE8}") = "SimulatorBase", "SimulatorBase", "{AB9257E4-30CB-4DEB-BBA6-951B20B7C471}"
EndProject
Project("{2150E333-8FDC-42A3-9474-1A3956D46DE8}") = "Algorithms", "Algorithms", "{134F0EAF-70A8-416E-B91A-4341E00C9554}"
EndProject
Project("{2150E333-8FDC-42A3-9474-1A3956D46DE8}") = "PerformanceAnalytics", "PerformanceAnalytics", "{0E2AC3AA-2B74-44D1-822D-08CA010729EE}"
EndProject
Project("{FAE04EC0-301F-11D3-BF4B-00C04F79EFBC}") = "AllNodes", "AllNodes\AllNodes.csproj", "{6906289E-8C0A-4984-9F2A-F5DD9975289B}"
EndProject
Global
	GlobalSection(SolutionConfigurationPlatforms) = preSolution
		Debug|Any CPU = Debug|Any CPU
		Release|Any CPU = Release|Any CPU
	EndGlobalSection
	GlobalSection(ProjectConfigurationPlatforms) = postSolution
		{440FA7C3-094A-4913-8CF5-14B440C0B86E}.Debug|Any CPU.ActiveCfg = Debug|Any CPU
		{440FA7C3-094A-4913-8CF5-14B440C0B86E}.Debug|Any CPU.Build.0 = Debug|Any CPU
		{440FA7C3-094A-4913-8CF5-14B440C0B86E}.Release|Any CPU.ActiveCfg = Release|Any CPU
		{440FA7C3-094A-4913-8CF5-14B440C0B86E}.Release|Any CPU.Build.0 = Release|Any CPU
		{110892BB-9F9B-4BC1-8F30-1B0B51590DF4}.Debug|Any CPU.ActiveCfg = Debug|Any CPU
		{110892BB-9F9B-4BC1-8F30-1B0B51590DF4}.Debug|Any CPU.Build.0 = Debug|Any CPU
		{110892BB-9F9B-4BC1-8F30-1B0B51590DF4}.Release|Any CPU.ActiveCfg = Release|Any CPU
		{110892BB-9F9B-4BC1-8F30-1B0B51590DF4}.Release|Any CPU.Build.0 = Release|Any CPU
		{0F4E2E52-75B8-450E-91E1-F8B239A49804}.Debug|Any CPU.ActiveCfg = Debug|Any CPU
		{0F4E2E52-75B8-450E-91E1-F8B239A49804}.Debug|Any CPU.Build.0 = Debug|Any CPU
		{0F4E2E52-75B8-450E-91E1-F8B239A49804}.Release|Any CPU.ActiveCfg = Release|Any CPU
		{0F4E2E52-75B8-450E-91E1-F8B239A49804}.Release|Any CPU.Build.0 = Release|Any CPU
		{F3157062-9ED1-40F4-BD57-00575CBDE3CE}.Debug|Any CPU.ActiveCfg = Debug|Any CPU
		{F3157062-9ED1-40F4-BD57-00575CBDE3CE}.Debug|Any CPU.Build.0 = Debug|Any CPU
		{F3157062-9ED1-40F4-BD57-00575CBDE3CE}.Release|Any CPU.ActiveCfg = Release|Any CPU
		{F3157062-9ED1-40F4-BD57-00575CBDE3CE}.Release|Any CPU.Build.0 = Release|Any CPU
		{B7836723-6676-4991-8BF0-59E15D3203F6}.Debug|Any CPU.ActiveCfg = Debug|Any CPU
		{B7836723-6676-4991-8BF0-59E15D3203F6}.Debug|Any CPU.Build.0 = Debug|Any CPU
		{B7836723-6676-4991-8BF0-59E15D3203F6}.Release|Any CPU.ActiveCfg = Release|Any CPU
		{B7836723-6676-4991-8BF0-59E15D3203F6}.Release|Any CPU.Build.0 = Release|Any CPU
		{72ADC696-F526-4684-895C-7D649DDE9844}.Debug|Any CPU.ActiveCfg = Debug|Any CPU
		{72ADC696-F526-4684-895C-7D649DDE9844}.Debug|Any CPU.Build.0 = Debug|Any CPU
		{72ADC696-F526-4684-895C-7D649DDE9844}.Release|Any CPU.ActiveCfg = Release|Any CPU
		{72ADC696-F526-4684-895C-7D649DDE9844}.Release|Any CPU.Build.0 = Release|Any CPU
		{6906289E-8C0A-4984-9F2A-F5DD9975289B}.Debug|Any CPU.ActiveCfg = Debug|Any CPU
		{6906289E-8C0A-4984-9F2A-F5DD9975289B}.Debug|Any CPU.Build.0 = Debug|Any CPU
		{6906289E-8C0A-4984-9F2A-F5DD9975289B}.Release|Any CPU.ActiveCfg = Release|Any CPU
		{6906289E-8C0A-4984-9F2A-F5DD9975289B}.Release|Any CPU.Build.0 = Release|Any CPU
	EndGlobalSection
	GlobalSection(SolutionProperties) = preSolution
		HideSolutionNode = FALSE
	EndGlobalSection
	GlobalSection(NestedProjects) = preSolution
		{440FA7C3-094A-4913-8CF5-14B440C0B86E} = {AB9257E4-30CB-4DEB-BBA6-951B20B7C471}
		{110892BB-9F9B-4BC1-8F30-1B0B51590DF4} = {12DE1DF1-B236-423A-8317-2EBFEADFA8A0}
		{0F4E2E52-75B8-450E-91E1-F8B239A49804} = {12DE1DF1-B236-423A-8317-2EBFEADFA8A0}
		{F3157062-9ED1-40F4-BD57-00575CBDE3CE} = {0E2AC3AA-2B74-44D1-822D-08CA010729EE}
		{B7836723-6676-4991-8BF0-59E15D3203F6} = {05C3BBED-512C-4608-AEF1-FBFDFEA41B97}
		{72ADC696-F526-4684-895C-7D649DDE9844} = {0E2AC3AA-2B74-44D1-822D-08CA010729EE}
		{05C3BBED-512C-4608-AEF1-FBFDFEA41B97} = {134F0EAF-70A8-416E-B91A-4341E00C9554}
		{0E2AC3AA-2B74-44D1-822D-08CA010729EE} = {AB9257E4-30CB-4DEB-BBA6-951B20B7C471}
		{6906289E-8C0A-4984-9F2A-F5DD9975289B} = {134F0EAF-70A8-416E-B91A-4341E00C9554}
	EndGlobalSection
	GlobalSection(ExtensibilityGlobals) = postSolution
		SolutionGuid = {8A46F655-758B-443B-AFB4-CE6153A44B07}
	EndGlobalSection
EndGlobal
